
Microsoft Visual Studio Solution File, Format Version 12.00
# Visual Studio 14
VisualStudioVersion = 14.0.25123.0
MinimumVisualStudioVersion = 10.0.40219.1
Project("{FAE04EC0-301F-11D3-BF4B-00C04F79EFBC}") = "DZ.Tools", "DZ.Tools\DZ.Tools.csproj", "{212132C9-9EE6-4551-BDE4-2E114904B8BC}"
EndProject
Project("{FAE04EC0-301F-11D3-BF4B-00C04F79EFBC}") = "DZ.Tools.Tests", "DZ.Tools.Tests\DZ.Tools.Tests.csproj", "{1DBCB34A-450A-4C77-A2C9-1144726C82B2}"
EndProject
Project("{2150E333-8FDC-42A3-9474-1A3956D46DE8}") = "Solution Items", "Solution Items", "{A78A1411-E6E9-41EE-BCC1-0E883F7DA1BF}"
	ProjectSection(SolutionItems) = preProject
		README.md = README.md
	EndProjectSection
EndProject
Global
	GlobalSection(SolutionConfigurationPlatforms) = preSolution
		Debug|Any CPU = Debug|Any CPU
		Release|Any CPU = Release|Any CPU
	EndGlobalSection
	GlobalSection(ProjectConfigurationPlatforms) = postSolution
		{212132C9-9EE6-4551-BDE4-2E114904B8BC}.Debug|Any CPU.ActiveCfg = Debug|Any CPU
		{212132C9-9EE6-4551-BDE4-2E114904B8BC}.Debug|Any CPU.Build.0 = Debug|Any CPU
		{212132C9-9EE6-4551-BDE4-2E114904B8BC}.Release|Any CPU.ActiveCfg = Release|Any CPU
		{212132C9-9EE6-4551-BDE4-2E114904B8BC}.Release|Any CPU.Build.0 = Release|Any CPU
		{1DBCB34A-450A-4C77-A2C9-1144726C82B2}.Debug|Any CPU.ActiveCfg = Debug|Any CPU
		{1DBCB34A-450A-4C77-A2C9-1144726C82B2}.Debug|Any CPU.Build.0 = Debug|Any CPU
		{1DBCB34A-450A-4C77-A2C9-1144726C82B2}.Release|Any CPU.ActiveCfg = Release|Any CPU
		{1DBCB34A-450A-4C77-A2C9-1144726C82B2}.Release|Any CPU.Build.0 = Release|Any CPU
	EndGlobalSection
	GlobalSection(SolutionProperties) = preSolution
		HideSolutionNode = FALSE
	EndGlobalSection
EndGlobal
